
Microsoft Visual Studio Solution File, Format Version 12.00
# Visual Studio Version 16
VisualStudioVersion = 16.0.30225.117
MinimumVisualStudioVersion = 10.0.40219.1
Project("{2150E333-8FDC-42A3-9474-1A3956D46DE8}") = "Core", "Core", "{51BDBAD1-9CD3-495D-843F-5ACCDAD08106}"
EndProject
Project("{9A19103F-16F7-4668-BE54-9A1E7A4F7556}") = "SM.Core", "SM.Domain.Core\SM.Core.csproj", "{B5626A3A-34F9-4B75-94CC-1E5CFCB7AF0C}"
EndProject
Project("{2150E333-8FDC-42A3-9474-1A3956D46DE8}") = "Infrastructure", "Infrastructure", "{DB94CD1D-84DB-4029-A9E7-3274F91BE965}"
EndProject
Project("{9A19103F-16F7-4668-BE54-9A1E7A4F7556}") = "SM.Bus.Masstransit", "SM.Bus.Masstransit\SM.Bus.Masstransit.csproj", "{C3D0F054-A912-439A-A13F-B154B9341FA2}"
EndProject
Project("{9A19103F-16F7-4668-BE54-9A1E7A4F7556}") = "SM.Bus.RabbitMQ.RawRabbit", "SM.Bus.RabbitMQ\SM.Bus.RabbitMQ.RawRabbit.csproj", "{DA157B8D-BDFF-4F5D-A7F8-F262FEF8DA37}"
EndProject
Global
	GlobalSection(SolutionConfigurationPlatforms) = preSolution
		Debug|Any CPU = Debug|Any CPU
		Release|Any CPU = Release|Any CPU
	EndGlobalSection
	GlobalSection(ProjectConfigurationPlatforms) = postSolution
		{B5626A3A-34F9-4B75-94CC-1E5CFCB7AF0C}.Debug|Any CPU.ActiveCfg = Debug|Any CPU
		{B5626A3A-34F9-4B75-94CC-1E5CFCB7AF0C}.Debug|Any CPU.Build.0 = Debug|Any CPU
		{B5626A3A-34F9-4B75-94CC-1E5CFCB7AF0C}.Release|Any CPU.ActiveCfg = Release|Any CPU
		{B5626A3A-34F9-4B75-94CC-1E5CFCB7AF0C}.Release|Any CPU.Build.0 = Release|Any CPU
		{C3D0F054-A912-439A-A13F-B154B9341FA2}.Debug|Any CPU.ActiveCfg = Debug|Any CPU
		{C3D0F054-A912-439A-A13F-B154B9341FA2}.Debug|Any CPU.Build.0 = Debug|Any CPU
		{C3D0F054-A912-439A-A13F-B154B9341FA2}.Release|Any CPU.ActiveCfg = Release|Any CPU
		{C3D0F054-A912-439A-A13F-B154B9341FA2}.Release|Any CPU.Build.0 = Release|Any CPU
		{DA157B8D-BDFF-4F5D-A7F8-F262FEF8DA37}.Debug|Any CPU.ActiveCfg = Debug|Any CPU
		{DA157B8D-BDFF-4F5D-A7F8-F262FEF8DA37}.Debug|Any CPU.Build.0 = Debug|Any CPU
		{DA157B8D-BDFF-4F5D-A7F8-F262FEF8DA37}.Release|Any CPU.ActiveCfg = Release|Any CPU
		{DA157B8D-BDFF-4F5D-A7F8-F262FEF8DA37}.Release|Any CPU.Build.0 = Release|Any CPU
	EndGlobalSection
	GlobalSection(SolutionProperties) = preSolution
		HideSolutionNode = FALSE
	EndGlobalSection
	GlobalSection(NestedProjects) = preSolution
		{B5626A3A-34F9-4B75-94CC-1E5CFCB7AF0C} = {51BDBAD1-9CD3-495D-843F-5ACCDAD08106}
		{C3D0F054-A912-439A-A13F-B154B9341FA2} = {DB94CD1D-84DB-4029-A9E7-3274F91BE965}
		{DA157B8D-BDFF-4F5D-A7F8-F262FEF8DA37} = {DB94CD1D-84DB-4029-A9E7-3274F91BE965}
	EndGlobalSection
	GlobalSection(ExtensibilityGlobals) = postSolution
		SolutionGuid = {BADFA003-57C5-48FB-BA55-DB65DD7E31EC}
	EndGlobalSection
EndGlobal
